<?xml version="1.0" encoding="utf-8"?>
<Project ToolsVersion="4.0" xmlns="http://schemas.microsoft.com/developer/msbuild/2003">
  <ItemGroup>
    <Filter Include="Source Files">
      <UniqueIdentifier>{4FC737F1-C7A5-4376-A066-2A32D752A2FF}</UniqueIdentifier>
      <Extensions>cpp;c;cc;cxx;def;odl;idl;hpj;bat;asm;asmx</Extensions>
    </Filter>
    <Filter Include="Header Files">
      <UniqueIdentifier>{93995380-89BD-4b04-88EB-625FBE52EBFB}</UniqueIdentifier>
      <Extensions>h;hpp;hxx;hm;inl;inc;xsd</Extensions>
    </Filter>
    <Filter Include="Resource Files">
      <UniqueIdentifier>{67DA6AB6-F800-4c08-8B7A-83BB121AAD01}</UniqueIdentifier>
      <Extensions>rc;ico;cur;bmp;dlg;rc2;rct;bin;rgs;gif;jpg;jpeg;jpe;resx;tiff;tif;png;wav</Extensions>
    </Filter>
  </ItemGroup>
  <ItemGroup>
    <ClCompile Include="src\app.c">
      <Filter>Source Files</Filter>
    </ClCompile>
    <ClCompile Include="src\case.c">
      <Filter>Source Files</Filter>
    </ClCompile>
    <ClCompile Include="src\cigar.c">
      <Filter>Source Files</Filter>
    </ClCompile>
    <ClCompile Include="src\dist.c">
      <Filter>Source Files</Filter>
    </ClCompile>
    <ClCompile Include="src\evalpop.c">
      <Filter>Source Files</Filter>
    </ClCompile>
    <ClCompile Include="src\finders.c">
      <Filter>Source Files</Filter>
    </ClCompile>
    <ClCompile Include="src\gen.c">
      <Filter>Source Files</Filter>
    </ClCompile>
    <ClCompile Include="src\greedy.c">
      <Filter>Source Files</Filter>
    </ClCompile>
    <ClCompile Include="src\halve.c">
      <Filter>Source Files</Filter>
    </ClCompile>
    <ClCompile Include="src\hms.c">
      <Filter>Source Files</Filter>
    </ClCompile>
    <ClCompile Include="src\init.c">
      <Filter>Source Files</Filter>
    </ClCompile>
    <ClCompile Include="src\lcs.c">
      <Filter>Source Files</Filter>
    </ClCompile>
    <ClCompile Include="src\ox.c">
      <Filter>Source Files</Filter>
    </ClCompile>
    <ClCompile Include="src\pmx.c">
      <Filter>Source Files</Filter>
    </ClCompile>
    <ClCompile Include="src\random.c">
      <Filter>Source Files</Filter>
    </ClCompile>
    <ClCompile Include="src\report.c">
      <Filter>Source Files</Filter>
    </ClCompile>
    <ClCompile Include="src\scale.c">
      <Filter>Source Files</Filter>
    </ClCompile>
    <ClCompile Include="src\select.c">
      <Filter>Source Files</Filter>
    </ClCompile>
    <ClCompile Include="src\statistics.c">
      <Filter>Source Files</Filter>
    </ClCompile>
    <ClCompile Include="src\utils.c">
      <Filter>Source Files</Filter>
    </ClCompile>
    <ClCompile Include="src\xover.c">
      <Filter>Source Files</Filter>
    </ClCompile>
  </ItemGroup>
  <ItemGroup>
    <ClInclude Include="src\app.h">
      <Filter>Header Files</Filter>
    </ClInclude>
    <ClInclude Include="src\case.h">
      <Filter>Header Files</Filter>
    </ClInclude>
    <ClInclude Include="src\defaults.h">
      <Filter>Header Files</Filter>
    </ClInclude>
    <ClInclude Include="src\dist.h">
      <Filter>Header Files</Filter>
    </ClInclude>
    <ClInclude Include="src\finders.h">
      <Filter>Header Files</Filter>
    </ClInclude>
    <ClInclude Include="src\greedy.h">
      <Filter>Header Files</Filter>
    </ClInclude>
    <ClInclude Include="src\init.h">
      <Filter>Header Files</Filter>
    </ClInclude>
    <ClInclude Include="src\ox.h">
      <Filter>Header Files</Filter>
    </ClInclude>
    <ClInclude Include="src\random.h">
      <Filter>Header Files</Filter>
    </ClInclude>
    <ClInclude Include="src\select.h">
      <Filter>Header Files</Filter>
    </ClInclude>
    <ClInclude Include="src\testapp.h">
      <Filter>Header Files</Filter>
    </ClInclude>
    <ClInclude Include="src\testinit.h">
      <Filter>Header Files</Filter>
    </ClInclude>
    <ClInclude Include="src\type.h">
      <Filter>Header Files</Filter>
    </ClInclude>
    <ClInclude Include="src\utils.h">
      <Filter>Header Files</Filter>
    </ClInclude>
  </ItemGroup>
</Project>